
Microsoft Visual Studio Solution File, Format Version 12.00
# Visual Studio 2012
Project("{8BC9CEB8-8B4A-11D0-8D11-00A0C91BC942}") = "allegro_szablon", "allegro_szablon\allegro_szablon.vcxproj", "{47631AB0-21A4-42F4-A88A-4A8E6703F79B}"
EndProject
Global
	GlobalSection(SolutionConfigurationPlatforms) = preSolution
		Debug|Win32 = Debug|Win32
		Release|Win32 = Release|Win32
	EndGlobalSection
	GlobalSection(ProjectConfigurationPlatforms) = postSolution
		{47631AB0-21A4-42F4-A88A-4A8E6703F79B}.Debug|Win32.ActiveCfg = Debug|Win32
		{47631AB0-21A4-42F4-A88A-4A8E6703F79B}.Debug|Win32.Build.0 = Debug|Win32
		{47631AB0-21A4-42F4-A88A-4A8E6703F79B}.Release|Win32.ActiveCfg = Release|Win32
		{47631AB0-21A4-42F4-A88A-4A8E6703F79B}.Release|Win32.Build.0 = Release|Win32
	EndGlobalSection
	GlobalSection(SolutionProperties) = preSolution
		HideSolutionNode = FALSE
	EndGlobalSection
EndGlobal
